[[package]]
category = "main"
description = "Python bindings for the Enchant spellchecking system"
name = "pyenchant"
optional = false
python-versions = ">=3.5"
version = "3.2.0"

[metadata]
content-hash = "6c1624820363896e2b36edb88c3608d1ecb4b6a63e1811e373b75c94824d3e30"
python-versions = "^3.8"

[metadata.files]
pyenchant = [
    {file = "pyenchant-3.2.0-py3-none-any.whl", hash = "sha256:5f5fbf99283136ad0e56660343ec4f16713981e340984ce9487de756fce022c6"},
    {file = "pyenchant-3.2.0-py3-none-win32.whl", hash = "sha256:f649f36fa90cb950d10b1a70bca50be7799ec759aa478353f08dcef579c097ee"},
    {file = "pyenchant-3.2.0-py3-none-win_amd64.whl", hash = "sha256:f22cc6e342d4e6a027296c59ae8ad4d5b2f281da1ecbe0e839a9e5f5d243b33d"},
    {file = "pyenchant-3.2.0.tar.gz", hash = "sha256:6b97e9a9f132fa7c9029a6635d821ccad67d4980e68186d02c765b4256b6f152"},
]
